{
  "name": "amf-antlr-js",
  "version": "4.0.0",
  "lockfileVersion": 2,
  "requires": true,
  "packages": {
    "": {
      "name": "amf-antlr-js",
      "version": "4.0.0",
      "license": "Apache-2.0",
      "dependencies": {
        "@aml-org/amf-antlr-parsers": "0.5.11",
        "ajv": "6.12.6"
      }
    },
    "node_modules/@aml-org/amf-antlr-parsers": {
      "version": "0.5.11",
      "resolved": "https://registry.npmjs.org/@aml-org/amf-antlr-parsers/-/amf-antlr-parsers-0.5.11.tgz",
      "integrity": "sha512-77R8zzF5nWYfLFREX3aNFUM7DjWKavF4L/cdkmmfIerk1Bh95AVLfKEvmrRNqWG8Zw7E0Ive+WgFW9UDQradQg=="
    },
    "node_modules/ajv": {
      "version": "6.12.6",
      "license": "MIT",
      "dependencies": {
        "fast-deep-equal": "^3.1.1",
        "fast-json-stable-stringify": "^2.0.0",
        "json-schema-traverse": "^0.4.1",
        "uri-js": "^4.2.2"
      },
      "funding": {
        "type": "github",
        "url": "https://github.com/sponsors/epoberezkin"
      }
    },
    "node_modules/fast-deep-equal": {
      "version": "3.1.3",
      "license": "MIT"
    },
    "node_modules/fast-json-stable-stringify": {
      "version": "2.1.0",
      "license": "MIT"
    },
    "node_modules/json-schema-traverse": {
      "version": "0.4.1",
      "license": "MIT"
    },
    "node_modules/punycode": {
      "version": "2.1.1",
      "license": "MIT",
      "engines": {
        "node": ">=6"
      }
    },
    "node_modules/uri-js": {
      "version": "4.4.1",
      "license": "BSD-2-Clause",
      "dependencies": {
        "punycode": "^2.1.0"
      }
    }
  },
  "dependencies": {
    "@aml-org/amf-antlr-parsers": {
      "version": "0.5.11",
      "resolved": "https://registry.npmjs.org/@aml-org/amf-antlr-parsers/-/amf-antlr-parsers-0.5.11.tgz",
      "integrity": "sha512-77R8zzF5nWYfLFREX3aNFUM7DjWKavF4L/cdkmmfIerk1Bh95AVLfKEvmrRNqWG8Zw7E0Ive+WgFW9UDQradQg=="
    },
    "ajv": {
      "version": "6.12.6",
      "requires": {
        "fast-deep-equal": "^3.1.1",
        "fast-json-stable-stringify": "^2.0.0",
        "json-schema-traverse": "^0.4.1",
        "uri-js": "^4.2.2"
      }
    },
    "fast-deep-equal": {
      "version": "3.1.3"
    },
    "fast-json-stable-stringify": {
      "version": "2.1.0"
    },
    "json-schema-traverse": {
      "version": "0.4.1"
    },
    "punycode": {
      "version": "2.1.1"
    },
    "uri-js": {
      "version": "4.4.1",
      "requires": {
        "punycode": "^2.1.0"
      }
    }
  }
}
